// !$*UTF8*$!
{
	archiveVersion = 1;
	classes = {
	};
	objectVersion = 46;
	objects = {

/* Begin PBXBuildFile section */
		C7202A0E1EAF27D6006A9BDB /* AppDelegate.swift in Sources */ = {isa = PBXBuildFile; fileRef = C7202A0D1EAF27D6006A9BDB /* AppDelegate.swift */; };
		C7202A101EAF27D6006A9BDB /* ViewController.swift in Sources */ = {isa = PBXBuildFile; fileRef = C7202A0F1EAF27D6006A9BDB /* ViewController.swift */; };
		C7202A131EAF27D6006A9BDB /* Main.storyboard in Resources */ = {isa = PBXBuildFile; fileRef = C7202A111EAF27D6006A9BDB /* Main.storyboard */; };
		C7202A151EAF27D6006A9BDB /* Assets.xcassets in Resources */ = {isa = PBXBuildFile; fileRef = C7202A141EAF27D6006A9BDB /* Assets.xcassets */; };
		C7202A181EAF27D6006A9BDB /* LaunchScreen.storyboard in Resources */ = {isa = PBXBuildFile; fileRef = C7202A161EAF27D6006A9BDB /* LaunchScreen.storyboard */; };
		C7202A231EAF27D6006A9BDB /* GliderSampleTests.swift in Sources */ = {isa = PBXBuildFile; fileRef = C7202A221EAF27D6006A9BDB /* GliderSampleTests.swift */; };
/* End PBXBuildFile section */

/* Begin PBXContainerItemProxy section */
		C7202A1F1EAF27D6006A9BDB /* PBXContainerItemProxy */ = {
			isa = PBXContainerItemProxy;
			containerPortal = C7202A021EAF27D6006A9BDB /* Project object */;
			proxyType = 1;
			remoteGlobalIDString = C7202A091EAF27D6006A9BDB;
			remoteInfo = GliderSample;
		};
/* End PBXContainerItemProxy section */

/* Begin PBXFileReference section */
		C7202A0A1EAF27D6006A9BDB /* GliderSample.app */ = {isa = PBXFileReference; explicitFileType = wrapper.application; includeInIndex = 0; path = GliderSample.app; sourceTree = BUILT_PRODUCTS_DIR; };
		C7202A0D1EAF27D6006A9BDB /* AppDelegate.swift */ = {isa = PBXFileReference; lastKnownFileType = sourcecode.swift; path = AppDelegate.swift; sourceTree = "<group>"; };
		C7202A0F1EAF27D6006A9BDB /* ViewController.swift */ = {isa = PBXFileReference; lastKnownFileType = sourcecode.swift; path = ViewController.swift; sourceTree = "<group>"; };
		C7202A121EAF27D6006A9BDB /* Base */ = {isa = PBXFileReference; lastKnownFileType = file.storyboard; name = Base; path = Base.lproj/Main.storyboard; sourceTree = "<group>"; };
		C7202A141EAF27D6006A9BDB /* Assets.xcassets */ = {isa = PBXFileReference; lastKnownFileType = folder.assetcatalog; path = Assets.xcassets; sourceTree = "<group>"; };
		C7202A171EAF27D6006A9BDB /* Base */ = {isa = PBXFileReference; lastKnownFileType = file.storyboard; name = Base; path = Base.lproj/LaunchScreen.storyboard; sourceTree = "<group>"; };
		C7202A191EAF27D6006A9BDB /* Info.plist */ = {isa = PBXFileReference; lastKnownFileType = text.plist.xml; path = Info.plist; sourceTree = "<group>"; };
		C7202A1E1EAF27D6006A9BDB /* GliderSampleTests.xctest */ = {isa = PBXFileReference; explicitFileType = wrapper.cfbundle; includeInIndex = 0; path = GliderSampleTests.xctest; sourceTree = BUILT_PRODUCTS_DIR; };
		C7202A221EAF27D6006A9BDB /* GliderSampleTests.swift */ = {isa = PBXFileReference; lastKnownFileType = sourcecode.swift; path = GliderSampleTests.swift; sourceTree = "<group>"; };
		C7202A241EAF27D6006A9BDB /* Info.plist */ = {isa = PBXFileReference; lastKnownFileType = text.plist.xml; path = Info.plist; sourceTree = "<group>"; };
/* End PBXFileReference section */

/* Begin PBXFrameworksBuildPhase section */
		C7202A071EAF27D6006A9BDB /* Frameworks */ = {
			isa = PBXFrameworksBuildPhase;
			buildActionMask = 2147483647;
			files = (
			);
			runOnlyForDeploymentPostprocessing = 0;
		};
		C7202A1B1EAF27D6006A9BDB /* Frameworks */ = {
			isa = PBXFrameworksBuildPhase;
			buildActionMask = 2147483647;
			files = (
			);
			runOnlyForDeploymentPostprocessing = 0;
		};
/* End PBXFrameworksBuildPhase section */

/* Begin PBXGroup section */
		C7202A011EAF27D6006A9BDB = {
			isa = PBXGroup;
			children = (
				C7202A0C1EAF27D6006A9BDB /* GliderSample */,
				C7202A211EAF27D6006A9BDB /* GliderSampleTests */,
				C7202A0B1EAF27D6006A9BDB /* Products */,
			);
			sourceTree = "<group>";
		};
		C7202A0B1EAF27D6006A9BDB /* Products */ = {
			isa = PBXGroup;
			children = (
				C7202A0A1EAF27D6006A9BDB /* GliderSample.app */,
				C7202A1E1EAF27D6006A9BDB /* GliderSampleTests.xctest */,
			);
			name = Products;
			sourceTree = "<group>";
		};
		C7202A0C1EAF27D6006A9BDB /* GliderSample */ = {
			isa = PBXGroup;
			children = (
				C7202A2F1EAF29AC006A9BDB /* RDGliderViewController */,
				C7202A0D1EAF27D6006A9BDB /* AppDelegate.swift */,
				C7202A0F1EAF27D6006A9BDB /* ViewController.swift */,
				C7202A111EAF27D6006A9BDB /* Main.storyboard */,
				C7202A141EAF27D6006A9BDB /* Assets.xcassets */,
				C7202A161EAF27D6006A9BDB /* LaunchScreen.storyboard */,
				C7202A191EAF27D6006A9BDB /* Info.plist */,
			);
			path = GliderSample;
			sourceTree = "<group>";
		};
		C7202A211EAF27D6006A9BDB /* GliderSampleTests */ = {
			isa = PBXGroup;
			children = (
				C7202A221EAF27D6006A9BDB /* GliderSampleTests.swift */,
				C7202A241EAF27D6006A9BDB /* Info.plist */,
			);
			path = GliderSampleTests;
			sourceTree = "<group>";
		};
		C7202A2F1EAF29AC006A9BDB /* RDGliderViewController */ = {
			isa = PBXGroup;
			children = (
			);
			name = RDGliderViewController;
			path = ../../RDGliderViewController;
			sourceTree = "<group>";
		};
/* End PBXGroup section */

/* Begin PBXNativeTarget section */
		C7202A091EAF27D6006A9BDB /* GliderSample */ = {
			isa = PBXNativeTarget;
			buildConfigurationList = C7202A271EAF27D6006A9BDB /* Build configuration list for PBXNativeTarget "GliderSample" */;
			buildPhases = (
				C7202A061EAF27D6006A9BDB /* Sources */,
				C7202A071EAF27D6006A9BDB /* Frameworks */,
				C7202A081EAF27D6006A9BDB /* Resources */,
				C7202A2D1EAF281B006A9BDB /* Build number */,
				C7202A2E1EAF282D006A9BDB /* CHANGELOG */,
			);
			buildRules = (
			);
			dependencies = (
			);
			name = GliderSample;
			productName = GliderSample;
			productReference = C7202A0A1EAF27D6006A9BDB /* GliderSample.app */;
			productType = "com.apple.product-type.application";
		};
		C7202A1D1EAF27D6006A9BDB /* GliderSampleTests */ = {
			isa = PBXNativeTarget;
			buildConfigurationList = C7202A2A1EAF27D6006A9BDB /* Build configuration list for PBXNativeTarget "GliderSampleTests" */;
			buildPhases = (
				C7202A1A1EAF27D6006A9BDB /* Sources */,
				C7202A1B1EAF27D6006A9BDB /* Frameworks */,
				C7202A1C1EAF27D6006A9BDB /* Resources */,
			);
			buildRules = (
			);
			dependencies = (
				C7202A201EAF27D6006A9BDB /* PBXTargetDependency */,
			);
			name = GliderSampleTests;
			productName = GliderSampleTests;
			productReference = C7202A1E1EAF27D6006A9BDB /* GliderSampleTests.xctest */;
			productType = "com.apple.product-type.bundle.unit-test";
		};
/* End PBXNativeTarget section */

/* Begin PBXProject section */
		C7202A021EAF27D6006A9BDB /* Project object */ = {
			isa = PBXProject;
			attributes = {
				LastSwiftUpdateCheck = 0830;
				LastUpgradeCheck = 0830;
				ORGANIZATIONNAME = "Guillermo Delgado";
				TargetAttributes = {
					C7202A091EAF27D6006A9BDB = {
						CreatedOnToolsVersion = 8.3.1;
						ProvisioningStyle = Automatic;
					};
					C7202A1D1EAF27D6006A9BDB = {
						CreatedOnToolsVersion = 8.3.1;
						ProvisioningStyle = Automatic;
						TestTargetID = C7202A091EAF27D6006A9BDB;
					};
				};
			};
			buildConfigurationList = C7202A051EAF27D6006A9BDB /* Build configuration list for PBXProject "GliderSample" */;
			compatibilityVersion = "Xcode 3.2";
			developmentRegion = English;
			hasScannedForEncodings = 0;
			knownRegions = (
				en,
				Base,
			);
			mainGroup = C7202A011EAF27D6006A9BDB;
			productRefGroup = C7202A0B1EAF27D6006A9BDB /* Products */;
			projectDirPath = "";
			projectRoot = "";
			targets = (
				C7202A091EAF27D6006A9BDB /* GliderSample */,
				C7202A1D1EAF27D6006A9BDB /* GliderSampleTests */,
			);
		};
/* End PBXProject section */

/* Begin PBXResourcesBuildPhase section */
		C7202A081EAF27D6006A9BDB /* Resources */ = {
			isa = PBXResourcesBuildPhase;
			buildActionMask = 2147483647;
			files = (
				C7202A181EAF27D6006A9BDB /* LaunchScreen.storyboard in Resources */,
				C7202A151EAF27D6006A9BDB /* Assets.xcassets in Resources */,
				C7202A131EAF27D6006A9BDB /* Main.storyboard in Resources */,
			);
			runOnlyForDeploymentPostprocessing = 0;
		};
		C7202A1C1EAF27D6006A9BDB /* Resources */ = {
			isa = PBXResourcesBuildPhase;
			buildActionMask = 2147483647;
			files = (
			);
			runOnlyForDeploymentPostprocessing = 0;
		};
/* End PBXResourcesBuildPhase section */

/* Begin PBXShellScriptBuildPhase section */
		C7202A2D1EAF281B006A9BDB /* Build number */ = {
			isa = PBXShellScriptBuildPhase;
			buildActionMask = 2147483647;
			files = (
			);
			inputPaths = (
			);
			name = "Build number";
			outputPaths = (
			);
			runOnlyForDeploymentPostprocessing = 0;
			shellPath = /bin/sh;
			shellScript = "#Update build number with number of git commits if in release mode\nbuildNumber=$(git rev-list HEAD | wc -l | tr -d ' ')\n/usr/libexec/PlistBuddy -c \"Set :CFBundleVersion $buildNumber\" \"${PROJECT_DIR}/${INFOPLIST_FILE}\"";
		};
		C7202A2E1EAF282D006A9BDB /* CHANGELOG */ = {
			isa = PBXShellScriptBuildPhase;
			buildActionMask = 2147483647;
			files = (
			);
			inputPaths = (
			);
			name = CHANGELOG;
			outputPaths = (
			);
			runOnlyForDeploymentPostprocessing = 0;
			shellPath = /bin/sh;
			shellScript = "FILE='../CHANGELOG.md'\nbranch=$(git branch | sed -n -e 's/^\\* \\(.*\\)/\\1/p')\nLATEST_TAG=$(git describe --abbrev=0)\n\nBUILD_NUM=$(/usr/libexec/PlistBuddy -c \"Print CFBundleVersion\" \"${PROJECT_DIR}/${INFOPLIST_FILE}\")\nBUILD_VER=$(/usr/libexec/Plistbuddy -c \"Print CFBundleShortVersionString\" \"${PROJECT_DIR}/${INFOPLIST_FILE}\")\n\n> $FILE\necho '## CHANGELOG' >> $FILE\necho '' >> $FILE\necho '#### Latest version - ' $BUILD_VER.$BUILD_NUM >> $FILE\ngit log $LATEST_TAG..HEAD --no-merges --grep=\"^\\[\" --pretty=format:\"+ %ad *%s*\" -50 --date=short | sed '/^\\s*$/d' >> $FILE\necho '' >> $FILE\necho '#### Previously released:' >> $FILE\ngit log INIT..$LATEST_TAG --no-merges --grep=\"^\\[\" --pretty=format:\"+ %ad *%s*\" -50 --date=short | sed '/^\\s*$/d' >> $FILE";
		};
/* End PBXShellScriptBuildPhase section */

/* Begin PBXSourcesBuildPhase section */
		C7202A061EAF27D6006A9BDB /* Sources */ = {
			isa = PBXSourcesBuildPhase;
			buildActionMask = 2147483647;
			files = (
				C7202A101EAF27D6006A9BDB /* ViewController.swift in Sources */,
				C7202A0E1EAF27D6006A9BDB /* AppDelegate.swift in Sources */,
			);
			runOnlyForDeploymentPostprocessing = 0;
		};
		C7202A1A1EAF27D6006A9BDB /* Sources */ = {
			isa = PBXSourcesBuildPhase;
			buildActionMask = 2147483647;
			files = (
				C7202A231EAF27D6006A9BDB /* GliderSampleTests.swift in Sources */,
			);
			runOnlyForDeploymentPostprocessing = 0;
		};
/* End PBXSourcesBuildPhase section */

/* Begin PBXTargetDependency section */
		C7202A201EAF27D6006A9BDB /* PBXTargetDependency */ = {
			isa = PBXTargetDependency;
			target = C7202A091EAF27D6006A9BDB /* GliderSample */;
			targetProxy = C7202A1F1EAF27D6006A9BDB /* PBXContainerItemProxy */;
		};
/* End PBXTargetDependency section */

/* Begin PBXVariantGroup section */
		C7202A111EAF27D6006A9BDB /* Main.storyboard */ = {
			isa = PBXVariantGroup;
			children = (
				C7202A121EAF27D6006A9BDB /* Base */,
			);
			name = Main.storyboard;
			sourceTree = "<group>";
		};
		C7202A161EAF27D6006A9BDB /* LaunchScreen.storyboard */ = {
			isa = PBXVariantGroup;
			children = (
				C7202A171EAF27D6006A9BDB /* Base */,
			);
			name = LaunchScreen.storyboard;
			sourceTree = "<group>";
		};
/* End PBXVariantGroup section */

/* Begin XCBuildConfiguration section */
		C7202A251EAF27D6006A9BDB /* Debug */ = {
			isa = XCBuildConfiguration;
			buildSettings = {
				ALWAYS_SEARCH_USER_PATHS = NO;
				CLANG_ANALYZER_NONNULL = YES;
				CLANG_ANALYZER_NUMBER_OBJECT_CONVERSION = YES_AGGRESSIVE;
				CLANG_CXX_LANGUAGE_STANDARD = "gnu++0x";
				CLANG_CXX_LIBRARY = "libc++";
				CLANG_ENABLE_MODULES = YES;
				CLANG_ENABLE_OBJC_ARC = YES;
				CLANG_WARN_BOOL_CONVERSION = YES;
				CLANG_WARN_CONSTANT_CONVERSION = YES;
				CLANG_WARN_DIRECT_OBJC_ISA_USAGE = YES_ERROR;
				CLANG_WARN_DOCUMENTATION_COMMENTS = YES;
				CLANG_WARN_EMPTY_BODY = YES;
				CLANG_WARN_ENUM_CONVERSION = YES;
				CLANG_WARN_INFINITE_RECURSION = YES;
				CLANG_WARN_INT_CONVERSION = YES;
				CLANG_WARN_OBJC_ROOT_CLASS = YES_ERROR;
				CLANG_WARN_SUSPICIOUS_MOVE = YES;
				CLANG_WARN_UNREACHABLE_CODE = YES;
				CLANG_WARN__DUPLICATE_METHOD_MATCH = YES;
				"CODE_SIGN_IDENTITY[sdk=iphoneos*]" = "iPhone Developer";
				COPY_PHASE_STRIP = NO;
				DEBUG_INFORMATION_FORMAT = dwarf;
				ENABLE_STRICT_OBJC_MSGSEND = YES;
				ENABLE_TESTABILITY = YES;
				GCC_C_LANGUAGE_STANDARD = gnu99;
				GCC_DYNAMIC_NO_PIC = NO;
				GCC_NO_COMMON_BLOCKS = YES;
				GCC_OPTIMIZATION_LEVEL = 0;
				GCC_PREPROCESSOR_DEFINITIONS = (
					"DEBUG=1",
					"$(inherited)",
				);
				GCC_WARN_64_TO_32_BIT_CONVERSION = YES;
				GCC_WARN_ABOUT_RETURN_TYPE = YES_ERROR;
				GCC_WARN_UNDECLARED_SELECTOR = YES;
				GCC_WARN_UNINITIALIZED_AUTOS = YES_AGGRESSIVE;
				GCC_WARN_UNUSED_FUNCTION = YES;
				GCC_WARN_UNUSED_VARIABLE = YES;
				IPHONEOS_DEPLOYMENT_TARGET = 10.3;
				MTL_ENABLE_DEBUG_INFO = YES;
				ONLY_ACTIVE_ARCH = YES;
				SDKROOT = iphoneos;
				SWIFT_ACTIVE_COMPILATION_CONDITIONS = DEBUG;
				SWIFT_OPTIMIZATION_LEVEL = "-Onone";
				TARGETED_DEVICE_FAMILY = "1,2";
			};
			name = Debug;
		};
		C7202A261EAF27D6006A9BDB /* Release */ = {
			isa = XCBuildConfiguration;
			buildSettings = {
				ALWAYS_SEARCH_USER_PATHS = NO;
				CLANG_ANALYZER_NONNULL = YES;
				CLANG_ANALYZER_NUMBER_OBJECT_CONVERSION = YES_AGGRESSIVE;
				CLANG_CXX_LANGUAGE_STANDARD = "gnu++0x";
				CLANG_CXX_LIBRARY = "libc++";
				CLANG_ENABLE_MODULES = YES;
				CLANG_ENABLE_OBJC_ARC = YES;
				CLANG_WARN_BOOL_CONVERSION = YES;
				CLANG_WARN_CONSTANT_CONVERSION = YES;
				CLANG_WARN_DIRECT_OBJC_ISA_USAGE = YES_ERROR;
				CLANG_WARN_DOCUMENTATION_COMMENTS = YES;
				CLANG_WARN_EMPTY_BODY = YES;
				CLANG_WARN_ENUM_CONVERSION = YES;
				CLANG_WARN_INFINITE_RECURSION = YES;
				CLANG_WARN_INT_CONVERSION = YES;
				CLANG_WARN_OBJC_ROOT_CLASS = YES_ERROR;
				CLANG_WARN_SUSPICIOUS_MOVE = YES;
				CLANG_WARN_UNREACHABLE_CODE = YES;
				CLANG_WARN__DUPLICATE_METHOD_MATCH = YES;
				"CODE_SIGN_IDENTITY[sdk=iphoneos*]" = "iPhone Developer";
				COPY_PHASE_STRIP = NO;
				DEBUG_INFORMATION_FORMAT = "dwarf-with-dsym";
				ENABLE_NS_ASSERTIONS = NO;
				ENABLE_STRICT_OBJC_MSGSEND = YES;
				GCC_C_LANGUAGE_STANDARD = gnu99;
				GCC_NO_COMMON_BLOCKS = YES;
				GCC_WARN_64_TO_32_BIT_CONVERSION = YES;
				GCC_WARN_ABOUT_RETURN_TYPE = YES_ERROR;
				GCC_WARN_UNDECLARED_SELECTOR = YES;
				GCC_WARN_UNINITIALIZED_AUTOS = YES_AGGRESSIVE;
				GCC_WARN_UNUSED_FUNCTION = YES;
				GCC_WARN_UNUSED_VARIABLE = YES;
				IPHONEOS_DEPLOYMENT_TARGET = 10.3;
				MTL_ENABLE_DEBUG_INFO = NO;
				SDKROOT = iphoneos;
				SWIFT_OPTIMIZATION_LEVEL = "-Owholemodule";
				TARGETED_DEVICE_FAMILY = "1,2";
				VALIDATE_PRODUCT = YES;
			};
			name = Release;
		};
		C7202A281EAF27D6006A9BDB /* Debug */ = {
			isa = XCBuildConfiguration;
			buildSettings = {
				ASSETCATALOG_COMPILER_APPICON_NAME = AppIcon;
				INFOPLIST_FILE = GliderSample/Info.plist;
				LD_RUNPATH_SEARCH_PATHS = "$(inherited) @executable_path/Frameworks";
				PRODUCT_BUNDLE_IDENTIFIER = GuillermoRD.GliderSample;
				PRODUCT_NAME = "$(TARGET_NAME)";
				SWIFT_VERSION = 3.0;
			};
			name = Debug;
		};
		C7202A291EAF27D6006A9BDB /* Release */ = {
			isa = XCBuildConfiguration;
			buildSettings = {
				ASSETCATALOG_COMPILER_APPICON_NAME = AppIcon;
				INFOPLIST_FILE = GliderSample/Info.plist;
				LD_RUNPATH_SEARCH_PATHS = "$(inherited) @executable_path/Frameworks";
				PRODUCT_BUNDLE_IDENTIFIER = GuillermoRD.GliderSample;
				PRODUCT_NAME = "$(TARGET_NAME)";
				SWIFT_VERSION = 3.0;
			};
			name = Release;
		};
		C7202A2B1EAF27D6006A9BDB /* Debug */ = {
			isa = XCBuildConfiguration;
			buildSettings = {
				ALWAYS_EMBED_SWIFT_STANDARD_LIBRARIES = YES;
				BUNDLE_LOADER = "$(TEST_HOST)";
				INFOPLIST_FILE = GliderSampleTests/Info.plist;
				LD_RUNPATH_SEARCH_PATHS = "$(inherited) @executable_path/Frameworks @loader_path/Frameworks";
				PRODUCT_BUNDLE_IDENTIFIER = GuillermoRD.GliderSampleTests;
				PRODUCT_NAME = "$(TARGET_NAME)";
				SWIFT_VERSION = 3.0;
				TEST_HOST = "$(BUILT_PRODUCTS_DIR)/GliderSample.app/GliderSample";
			};
			name = Debug;
		};
		C7202A2C1EAF27D6006A9BDB /* Release */ = {
			isa = XCBuildConfiguration;
			buildSettings = {
				ALWAYS_EMBED_SWIFT_STANDARD_LIBRARIES = YES;
				BUNDLE_LOADER = "$(TEST_HOST)";
				INFOPLIST_FILE = GliderSampleTests/Info.plist;
				LD_RUNPATH_SEARCH_PATHS = "$(inherited) @executable_path/Frameworks @loader_path/Frameworks";
				PRODUCT_BUNDLE_IDENTIFIER = GuillermoRD.GliderSampleTests;
				PRODUCT_NAME = "$(TARGET_NAME)";
				SWIFT_VERSION = 3.0;
				TEST_HOST = "$(BUILT_PRODUCTS_DIR)/GliderSample.app/GliderSample";
			};
			name = Release;
		};
/* End XCBuildConfiguration section */

/* Begin XCConfigurationList section */
		C7202A051EAF27D6006A9BDB /* Build configuration list for PBXProject "GliderSample" */ = {
			isa = XCConfigurationList;
			buildConfigurations = (
				C7202A251EAF27D6006A9BDB /* Debug */,
				C7202A261EAF27D6006A9BDB /* Release */,
			);
			defaultConfigurationIsVisible = 0;
			defaultConfigurationName = Release;
		};
		C7202A271EAF27D6006A9BDB /* Build configuration list for PBXNativeTarget "GliderSample" */ = {
			isa = XCConfigurationList;
			buildConfigurations = (
				C7202A281EAF27D6006A9BDB /* Debug */,
				C7202A291EAF27D6006A9BDB /* Release */,
			);
			defaultConfigurationIsVisible = 0;
			defaultConfigurationName = Release;
		};
		C7202A2A1EAF27D6006A9BDB /* Build configuration list for PBXNativeTarget "GliderSampleTests" */ = {
			isa = XCConfigurationList;
			buildConfigurations = (
				C7202A2B1EAF27D6006A9BDB /* Debug */,
				C7202A2C1EAF27D6006A9BDB /* Release */,
			);
			defaultConfigurationIsVisible = 0;
			defaultConfigurationName = Release;
		};
/* End XCConfigurationList section */
	};
	rootObject = C7202A021EAF27D6006A9BDB /* Project object */;
}
